// !$*UTF8*$!
{
	archiveVersion = 1;
	classes = {
	};
	objectVersion = 46;
	objects = {

/* Begin PBXBuildFile section */
		A66231141CCE04FA0010EDBD /* main.m in Sources */ = {isa = PBXBuildFile; fileRef = A66231131CCE04FA0010EDBD /* main.m */; };
		A66231171CCE04FA0010EDBD /* AppDelegate.m in Sources */ = {isa = PBXBuildFile; fileRef = A66231161CCE04FA0010EDBD /* AppDelegate.m */; };
		A662311A1CCE04FA0010EDBD /* ViewController.m in Sources */ = {isa = PBXBuildFile; fileRef = A66231191CCE04FA0010EDBD /* ViewController.m */; };
		A662311D1CCE04FA0010EDBD /* Main.storyboard in Resources */ = {isa = PBXBuildFile; fileRef = A662311B1CCE04FA0010EDBD /* Main.storyboard */; };
		A662311F1CCE04FA0010EDBD /* Assets.xcassets in Resources */ = {isa = PBXBuildFile; fileRef = A662311E1CCE04FA0010EDBD /* Assets.xcassets */; };
		A66231221CCE04FA0010EDBD /* LaunchScreen.storyboard in Resources */ = {isa = PBXBuildFile; fileRef = A66231201CCE04FA0010EDBD /* LaunchScreen.storyboard */; };
		A662312D1CCE04FB0010EDBD /* CYPanSwipeGestureTests.m in Sources */ = {isa = PBXBuildFile; fileRef = A662312C1CCE04FB0010EDBD /* CYPanSwipeGestureTests.m */; };
		A66231381CCE04FB0010EDBD /* CYPanSwipeGestureUITests.m in Sources */ = {isa = PBXBuildFile; fileRef = A66231371CCE04FB0010EDBD /* CYPanSwipeGestureUITests.m */; };
/* End PBXBuildFile section */

/* Begin PBXContainerItemProxy section */
		A66231291CCE04FB0010EDBD /* PBXContainerItemProxy */ = {
			isa = PBXContainerItemProxy;
			containerPortal = A66231071CCE04FA0010EDBD /* Project object */;
			proxyType = 1;
			remoteGlobalIDString = A662310E1CCE04FA0010EDBD;
			remoteInfo = CYPanSwipeGesture;
		};
		A66231341CCE04FB0010EDBD /* PBXContainerItemProxy */ = {
			isa = PBXContainerItemProxy;
			containerPortal = A66231071CCE04FA0010EDBD /* Project object */;
			proxyType = 1;
			remoteGlobalIDString = A662310E1CCE04FA0010EDBD;
			remoteInfo = CYPanSwipeGesture;
		};
/* End PBXContainerItemProxy section */

/* Begin PBXFileReference section */
		A662310F1CCE04FA0010EDBD /* CYPanSwipeGesture.app */ = {isa = PBXFileReference; explicitFileType = wrapper.application; includeInIndex = 0; path = CYPanSwipeGesture.app; sourceTree = BUILT_PRODUCTS_DIR; };
		A66231131CCE04FA0010EDBD /* main.m */ = {isa = PBXFileReference; lastKnownFileType = sourcecode.c.objc; path = main.m; sourceTree = "<group>"; };
		A66231151CCE04FA0010EDBD /* AppDelegate.h */ = {isa = PBXFileReference; lastKnownFileType = sourcecode.c.h; path = AppDelegate.h; sourceTree = "<group>"; };
		A66231161CCE04FA0010EDBD /* AppDelegate.m */ = {isa = PBXFileReference; lastKnownFileType = sourcecode.c.objc; path = AppDelegate.m; sourceTree = "<group>"; };
		A66231181CCE04FA0010EDBD /* ViewController.h */ = {isa = PBXFileReference; lastKnownFileType = sourcecode.c.h; path = ViewController.h; sourceTree = "<group>"; };
		A66231191CCE04FA0010EDBD /* ViewController.m */ = {isa = PBXFileReference; lastKnownFileType = sourcecode.c.objc; path = ViewController.m; sourceTree = "<group>"; };
		A662311C1CCE04FA0010EDBD /* Base */ = {isa = PBXFileReference; lastKnownFileType = file.storyboard; name = Base; path = Base.lproj/Main.storyboard; sourceTree = "<group>"; };
		A662311E1CCE04FA0010EDBD /* Assets.xcassets */ = {isa = PBXFileReference; lastKnownFileType = folder.assetcatalog; path = Assets.xcassets; sourceTree = "<group>"; };
		A66231211CCE04FA0010EDBD /* Base */ = {isa = PBXFileReference; lastKnownFileType = file.storyboard; name = Base; path = Base.lproj/LaunchScreen.storyboard; sourceTree = "<group>"; };
		A66231231CCE04FA0010EDBD /* Info.plist */ = {isa = PBXFileReference; lastKnownFileType = text.plist.xml; path = Info.plist; sourceTree = "<group>"; };
		A66231281CCE04FA0010EDBD /* CYPanSwipeGestureTests.xctest */ = {isa = PBXFileReference; explicitFileType = wrapper.cfbundle; includeInIndex = 0; path = CYPanSwipeGestureTests.xctest; sourceTree = BUILT_PRODUCTS_DIR; };
		A662312C1CCE04FB0010EDBD /* CYPanSwipeGestureTests.m */ = {isa = PBXFileReference; lastKnownFileType = sourcecode.c.objc; path = CYPanSwipeGestureTests.m; sourceTree = "<group>"; };
		A662312E1CCE04FB0010EDBD /* Info.plist */ = {isa = PBXFileReference; lastKnownFileType = text.plist.xml; path = Info.plist; sourceTree = "<group>"; };
		A66231331CCE04FB0010EDBD /* CYPanSwipeGestureUITests.xctest */ = {isa = PBXFileReference; explicitFileType = wrapper.cfbundle; includeInIndex = 0; path = CYPanSwipeGestureUITests.xctest; sourceTree = BUILT_PRODUCTS_DIR; };
		A66231371CCE04FB0010EDBD /* CYPanSwipeGestureUITests.m */ = {isa = PBXFileReference; lastKnownFileType = sourcecode.c.objc; path = CYPanSwipeGestureUITests.m; sourceTree = "<group>"; };
		A66231391CCE04FB0010EDBD /* Info.plist */ = {isa = PBXFileReference; lastKnownFileType = text.plist.xml; path = Info.plist; sourceTree = "<group>"; };
/* End PBXFileReference section */

/* Begin PBXFrameworksBuildPhase section */
		A662310C1CCE04FA0010EDBD /* Frameworks */ = {
			isa = PBXFrameworksBuildPhase;
			buildActionMask = 2147483647;
			files = (
			);
			runOnlyForDeploymentPostprocessing = 0;
		};
		A66231251CCE04FA0010EDBD /* Frameworks */ = {
			isa = PBXFrameworksBuildPhase;
			buildActionMask = 2147483647;
			files = (
			);
			runOnlyForDeploymentPostprocessing = 0;
		};
		A66231301CCE04FB0010EDBD /* Frameworks */ = {
			isa = PBXFrameworksBuildPhase;
			buildActionMask = 2147483647;
			files = (
			);
			runOnlyForDeploymentPostprocessing = 0;
		};
/* End PBXFrameworksBuildPhase section */

/* Begin PBXGroup section */
		A66231061CCE04FA0010EDBD = {
			isa = PBXGroup;
			children = (
				A66231111CCE04FA0010EDBD /* CYPanSwipeGesture */,
				A662312B1CCE04FB0010EDBD /* CYPanSwipeGestureTests */,
				A66231361CCE04FB0010EDBD /* CYPanSwipeGestureUITests */,
				A66231101CCE04FA0010EDBD /* Products */,
			);
			sourceTree = "<group>";
		};
		A66231101CCE04FA0010EDBD /* Products */ = {
			isa = PBXGroup;
			children = (
				A662310F1CCE04FA0010EDBD /* CYPanSwipeGesture.app */,
				A66231281CCE04FA0010EDBD /* CYPanSwipeGestureTests.xctest */,
				A66231331CCE04FB0010EDBD /* CYPanSwipeGestureUITests.xctest */,
			);
			name = Products;
			sourceTree = "<group>";
		};
		A66231111CCE04FA0010EDBD /* CYPanSwipeGesture */ = {
			isa = PBXGroup;
			children = (
				A66231151CCE04FA0010EDBD /* AppDelegate.h */,
				A66231161CCE04FA0010EDBD /* AppDelegate.m */,
				A66231181CCE04FA0010EDBD /* ViewController.h */,
				A66231191CCE04FA0010EDBD /* ViewController.m */,
				A662311B1CCE04FA0010EDBD /* Main.storyboard */,
				A662311E1CCE04FA0010EDBD /* Assets.xcassets */,
				A66231201CCE04FA0010EDBD /* LaunchScreen.storyboard */,
				A66231231CCE04FA0010EDBD /* Info.plist */,
				A66231121CCE04FA0010EDBD /* Supporting Files */,
			);
			path = CYPanSwipeGesture;
			sourceTree = "<group>";
		};
		A66231121CCE04FA0010EDBD /* Supporting Files */ = {
			isa = PBXGroup;
			children = (
				A66231131CCE04FA0010EDBD /* main.m */,
			);
			name = "Supporting Files";
			sourceTree = "<group>";
		};
		A662312B1CCE04FB0010EDBD /* CYPanSwipeGestureTests */ = {
			isa = PBXGroup;
			children = (
				A662312C1CCE04FB0010EDBD /* CYPanSwipeGestureTests.m */,
				A662312E1CCE04FB0010EDBD /* Info.plist */,
			);
			path = CYPanSwipeGestureTests;
			sourceTree = "<group>";
		};
		A66231361CCE04FB0010EDBD /* CYPanSwipeGestureUITests */ = {
			isa = PBXGroup;
			children = (
				A66231371CCE04FB0010EDBD /* CYPanSwipeGestureUITests.m */,
				A66231391CCE04FB0010EDBD /* Info.plist */,
			);
			path = CYPanSwipeGestureUITests;
			sourceTree = "<group>";
		};
/* End PBXGroup section */

/* Begin PBXNativeTarget section */
		A662310E1CCE04FA0010EDBD /* CYPanSwipeGesture */ = {
			isa = PBXNativeTarget;
			buildConfigurationList = A662313C1CCE04FB0010EDBD /* Build configuration list for PBXNativeTarget "CYPanSwipeGesture" */;
			buildPhases = (
				A662310B1CCE04FA0010EDBD /* Sources */,
				A662310C1CCE04FA0010EDBD /* Frameworks */,
				A662310D1CCE04FA0010EDBD /* Resources */,
			);
			buildRules = (
			);
			dependencies = (
			);
			name = CYPanSwipeGesture;
			productName = CYPanSwipeGesture;
			productReference = A662310F1CCE04FA0010EDBD /* CYPanSwipeGesture.app */;
			productType = "com.apple.product-type.application";
		};
		A66231271CCE04FA0010EDBD /* CYPanSwipeGestureTests */ = {
			isa = PBXNativeTarget;
			buildConfigurationList = A662313F1CCE04FB0010EDBD /* Build configuration list for PBXNativeTarget "CYPanSwipeGestureTests" */;
			buildPhases = (
				A66231241CCE04FA0010EDBD /* Sources */,
				A66231251CCE04FA0010EDBD /* Frameworks */,
				A66231261CCE04FA0010EDBD /* Resources */,
			);
			buildRules = (
			);
			dependencies = (
				A662312A1CCE04FB0010EDBD /* PBXTargetDependency */,
			);
			name = CYPanSwipeGestureTests;
			productName = CYPanSwipeGestureTests;
			productReference = A66231281CCE04FA0010EDBD /* CYPanSwipeGestureTests.xctest */;
			productType = "com.apple.product-type.bundle.unit-test";
		};
		A66231321CCE04FB0010EDBD /* CYPanSwipeGestureUITests */ = {
			isa = PBXNativeTarget;
			buildConfigurationList = A66231421CCE04FB0010EDBD /* Build configuration list for PBXNativeTarget "CYPanSwipeGestureUITests" */;
			buildPhases = (
				A662312F1CCE04FB0010EDBD /* Sources */,
				A66231301CCE04FB0010EDBD /* Frameworks */,
				A66231311CCE04FB0010EDBD /* Resources */,
			);
			buildRules = (
			);
			dependencies = (
				A66231351CCE04FB0010EDBD /* PBXTargetDependency */,
			);
			name = CYPanSwipeGestureUITests;
			productName = CYPanSwipeGestureUITests;
			productReference = A66231331CCE04FB0010EDBD /* CYPanSwipeGestureUITests.xctest */;
			productType = "com.apple.product-type.bundle.ui-testing";
		};
/* End PBXNativeTarget section */

/* Begin PBXProject section */
		A66231071CCE04FA0010EDBD /* Project object */ = {
			isa = PBXProject;
			attributes = {
				LastUpgradeCheck = 0730;
				ORGANIZATIONNAME = "千里之行始于足下";
				TargetAttributes = {
					A662310E1CCE04FA0010EDBD = {
						CreatedOnToolsVersion = 7.3;
						DevelopmentTeam = A8KFV64EKE;
					};
					A66231271CCE04FA0010EDBD = {
						CreatedOnToolsVersion = 7.3;
						DevelopmentTeam = A8KFV64EKE;
						TestTargetID = A662310E1CCE04FA0010EDBD;
					};
					A66231321CCE04FB0010EDBD = {
						CreatedOnToolsVersion = 7.3;
						DevelopmentTeam = A8KFV64EKE;
						TestTargetID = A662310E1CCE04FA0010EDBD;
					};
				};
			};
			buildConfigurationList = A662310A1CCE04FA0010EDBD /* Build configuration list for PBXProject "CYPanSwipeGesture" */;
			compatibilityVersion = "Xcode 3.2";
			developmentRegion = English;
			hasScannedForEncodings = 0;
			knownRegions = (
				en,
				Base,
			);
			mainGroup = A66231061CCE04FA0010EDBD;
			productRefGroup = A66231101CCE04FA0010EDBD /* Products */;
			projectDirPath = "";
			projectRoot = "";
			targets = (
				A662310E1CCE04FA0010EDBD /* CYPanSwipeGesture */,
				A66231271CCE04FA0010EDBD /* CYPanSwipeGestureTests */,
				A66231321CCE04FB0010EDBD /* CYPanSwipeGestureUITests */,
			);
		};
/* End PBXProject section */

/* Begin PBXResourcesBuildPhase section */
		A662310D1CCE04FA0010EDBD /* Resources */ = {
			isa = PBXResourcesBuildPhase;
			buildActionMask = 2147483647;
			files = (
				A66231221CCE04FA0010EDBD /* LaunchScreen.storyboard in Resources */,
				A662311F1CCE04FA0010EDBD /* Assets.xcassets in Resources */,
				A662311D1CCE04FA0010EDBD /* Main.storyboard in Resources */,
			);
			runOnlyForDeploymentPostprocessing = 0;
		};
		A66231261CCE04FA0010EDBD /* Resources */ = {
			isa = PBXResourcesBuildPhase;
			buildActionMask = 2147483647;
			files = (
			);
			runOnlyForDeploymentPostprocessing = 0;
		};
		A66231311CCE04FB0010EDBD /* Resources */ = {
			isa = PBXResourcesBuildPhase;
			buildActionMask = 2147483647;
			files = (
			);
			runOnlyForDeploymentPostprocessing = 0;
		};
/* End PBXResourcesBuildPhase section */

/* Begin PBXSourcesBuildPhase section */
		A662310B1CCE04FA0010EDBD /* Sources */ = {
			isa = PBXSourcesBuildPhase;
			buildActionMask = 2147483647;
			files = (
				A662311A1CCE04FA0010EDBD /* ViewController.m in Sources */,
				A66231171CCE04FA0010EDBD /* AppDelegate.m in Sources */,
				A66231141CCE04FA0010EDBD /* main.m in Sources */,
			);
			runOnlyForDeploymentPostprocessing = 0;
		};
		A66231241CCE04FA0010EDBD /* Sources */ = {
			isa = PBXSourcesBuildPhase;
			buildActionMask = 2147483647;
			files = (
				A662312D1CCE04FB0010EDBD /* CYPanSwipeGestureTests.m in Sources */,
			);
			runOnlyForDeploymentPostprocessing = 0;
		};
		A662312F1CCE04FB0010EDBD /* Sources */ = {
			isa = PBXSourcesBuildPhase;
			buildActionMask = 2147483647;
			files = (
				A66231381CCE04FB0010EDBD /* CYPanSwipeGestureUITests.m in Sources */,
			);
			runOnlyForDeploymentPostprocessing = 0;
		};
/* End PBXSourcesBuildPhase section */

/* Begin PBXTargetDependency section */
		A662312A1CCE04FB0010EDBD /* PBXTargetDependency */ = {
			isa = PBXTargetDependency;
			target = A662310E1CCE04FA0010EDBD /* CYPanSwipeGesture */;
			targetProxy = A66231291CCE04FB0010EDBD /* PBXContainerItemProxy */;
		};
		A66231351CCE04FB0010EDBD /* PBXTargetDependency */ = {
			isa = PBXTargetDependency;
			target = A662310E1CCE04FA0010EDBD /* CYPanSwipeGesture */;
			targetProxy = A66231341CCE04FB0010EDBD /* PBXContainerItemProxy */;
		};
/* End PBXTargetDependency section */

/* Begin PBXVariantGroup section */
		A662311B1CCE04FA0010EDBD /* Main.storyboard */ = {
			isa = PBXVariantGroup;
			children = (
				A662311C1CCE04FA0010EDBD /* Base */,
			);
			name = Main.storyboard;
			sourceTree = "<group>";
		};
		A66231201CCE04FA0010EDBD /* LaunchScreen.storyboard */ = {
			isa = PBXVariantGroup;
			children = (
				A66231211CCE04FA0010EDBD /* Base */,
			);
			name = LaunchScreen.storyboard;
			sourceTree = "<group>";
		};
/* End PBXVariantGroup section */

/* Begin XCBuildConfiguration section */
		A662313A1CCE04FB0010EDBD /* Debug */ = {
			isa = XCBuildConfiguration;
			buildSettings = {
				ALWAYS_SEARCH_USER_PATHS = NO;
				CLANG_ANALYZER_NONNULL = YES;
				CLANG_CXX_LANGUAGE_STANDARD = "gnu++0x";
				CLANG_CXX_LIBRARY = "libc++";
				CLANG_ENABLE_MODULES = YES;
				CLANG_ENABLE_OBJC_ARC = YES;
				CLANG_WARN_BOOL_CONVERSION = YES;
				CLANG_WARN_CONSTANT_CONVERSION = YES;
				CLANG_WARN_DIRECT_OBJC_ISA_USAGE = YES_ERROR;
				CLANG_WARN_EMPTY_BODY = YES;
				CLANG_WARN_ENUM_CONVERSION = YES;
				CLANG_WARN_INT_CONVERSION = YES;
				CLANG_WARN_OBJC_ROOT_CLASS = YES_ERROR;
				CLANG_WARN_UNREACHABLE_CODE = YES;
				CLANG_WARN__DUPLICATE_METHOD_MATCH = YES;
				"CODE_SIGN_IDENTITY[sdk=iphoneos*]" = "iPhone Developer";
				COPY_PHASE_STRIP = NO;
				DEBUG_INFORMATION_FORMAT = dwarf;
				ENABLE_STRICT_OBJC_MSGSEND = YES;
				ENABLE_TESTABILITY = YES;
				GCC_C_LANGUAGE_STANDARD = gnu99;
				GCC_DYNAMIC_NO_PIC = NO;
				GCC_NO_COMMON_BLOCKS = YES;
				GCC_OPTIMIZATION_LEVEL = 0;
				GCC_PREPROCESSOR_DEFINITIONS = (
					"DEBUG=1",
					"$(inherited)",
				);
				GCC_WARN_64_TO_32_BIT_CONVERSION = YES;
				GCC_WARN_ABOUT_RETURN_TYPE = YES_ERROR;
				GCC_WARN_UNDECLARED_SELECTOR = YES;
				GCC_WARN_UNINITIALIZED_AUTOS = YES_AGGRESSIVE;
				GCC_WARN_UNUSED_FUNCTION = YES;
				GCC_WARN_UNUSED_VARIABLE = YES;
				IPHONEOS_DEPLOYMENT_TARGET = 9.3;
				MTL_ENABLE_DEBUG_INFO = YES;
				ONLY_ACTIVE_ARCH = YES;
				SDKROOT = iphoneos;
				TARGETED_DEVICE_FAMILY = "1,2";
			};
			name = Debug;
		};
		A662313B1CCE04FB0010EDBD /* Release */ = {
			isa = XCBuildConfiguration;
			buildSettings = {
				ALWAYS_SEARCH_USER_PATHS = NO;
				CLANG_ANALYZER_NONNULL = YES;
				CLANG_CXX_LANGUAGE_STANDARD = "gnu++0x";
				CLANG_CXX_LIBRARY = "libc++";
				CLANG_ENABLE_MODULES = YES;
				CLANG_ENABLE_OBJC_ARC = YES;
				CLANG_WARN_BOOL_CONVERSION = YES;
				CLANG_WARN_CONSTANT_CONVERSION = YES;
				CLANG_WARN_DIRECT_OBJC_ISA_USAGE = YES_ERROR;
				CLANG_WARN_EMPTY_BODY = YES;
				CLANG_WARN_ENUM_CONVERSION = YES;
				CLANG_WARN_INT_CONVERSION = YES;
				CLANG_WARN_OBJC_ROOT_CLASS = YES_ERROR;
				CLANG_WARN_UNREACHABLE_CODE = YES;
				CLANG_WARN__DUPLICATE_METHOD_MATCH = YES;
				"CODE_SIGN_IDENTITY[sdk=iphoneos*]" = "iPhone Developer";
				COPY_PHASE_STRIP = NO;
				DEBUG_INFORMATION_FORMAT = "dwarf-with-dsym";
				ENABLE_NS_ASSERTIONS = NO;
				ENABLE_STRICT_OBJC_MSGSEND = YES;
				GCC_C_LANGUAGE_STANDARD = gnu99;
				GCC_NO_COMMON_BLOCKS = YES;
				GCC_WARN_64_TO_32_BIT_CONVERSION = YES;
				GCC_WARN_ABOUT_RETURN_TYPE = YES_ERROR;
				GCC_WARN_UNDECLARED_SELECTOR = YES;
				GCC_WARN_UNINITIALIZED_AUTOS = YES_AGGRESSIVE;
				GCC_WARN_UNUSED_FUNCTION = YES;
				GCC_WARN_UNUSED_VARIABLE = YES;
				IPHONEOS_DEPLOYMENT_TARGET = 9.3;
				MTL_ENABLE_DEBUG_INFO = NO;
				SDKROOT = iphoneos;
				TARGETED_DEVICE_FAMILY = "1,2";
				VALIDATE_PRODUCT = YES;
			};
			name = Release;
		};
		A662313D1CCE04FB0010EDBD /* Debug */ = {
			isa = XCBuildConfiguration;
			buildSettings = {
				ASSETCATALOG_COMPILER_APPICON_NAME = AppIcon;
				INFOPLIST_FILE = CYPanSwipeGesture/Info.plist;
				LD_RUNPATH_SEARCH_PATHS = "$(inherited) @executable_path/Frameworks";
				PRODUCT_BUNDLE_IDENTIFIER = lcy.CYPanSwipeGesture;
				PRODUCT_NAME = "$(TARGET_NAME)";
			};
			name = Debug;
		};
		A662313E1CCE04FB0010EDBD /* Release */ = {
			isa = XCBuildConfiguration;
			buildSettings = {
				ASSETCATALOG_COMPILER_APPICON_NAME = AppIcon;
				INFOPLIST_FILE = CYPanSwipeGesture/Info.plist;
				LD_RUNPATH_SEARCH_PATHS = "$(inherited) @executable_path/Frameworks";
				PRODUCT_BUNDLE_IDENTIFIER = lcy.CYPanSwipeGesture;
				PRODUCT_NAME = "$(TARGET_NAME)";
			};
			name = Release;
		};
		A66231401CCE04FB0010EDBD /* Debug */ = {
			isa = XCBuildConfiguration;
			buildSettings = {
				BUNDLE_LOADER = "$(TEST_HOST)";
				INFOPLIST_FILE = CYPanSwipeGestureTests/Info.plist;
				LD_RUNPATH_SEARCH_PATHS = "$(inherited) @executable_path/Frameworks @loader_path/Frameworks";
				PRODUCT_BUNDLE_IDENTIFIER = lcy.CYPanSwipeGestureTests;
				PRODUCT_NAME = "$(TARGET_NAME)";
				TEST_HOST = "$(BUILT_PRODUCTS_DIR)/CYPanSwipeGesture.app/CYPanSwipeGesture";
			};
			name = Debug;
		};
		A66231411CCE04FB0010EDBD /* Release */ = {
			isa = XCBuildConfiguration;
			buildSettings = {
				BUNDLE_LOADER = "$(TEST_HOST)";
				INFOPLIST_FILE = CYPanSwipeGestureTests/Info.plist;
				LD_RUNPATH_SEARCH_PATHS = "$(inherited) @executable_path/Frameworks @loader_path/Frameworks";
				PRODUCT_BUNDLE_IDENTIFIER = lcy.CYPanSwipeGestureTests;
				PRODUCT_NAME = "$(TARGET_NAME)";
				TEST_HOST = "$(BUILT_PRODUCTS_DIR)/CYPanSwipeGesture.app/CYPanSwipeGesture";
			};
			name = Release;
		};
		A66231431CCE04FB0010EDBD /* Debug */ = {
			isa = XCBuildConfiguration;
			buildSettings = {
				INFOPLIST_FILE = CYPanSwipeGestureUITests/Info.plist;
				LD_RUNPATH_SEARCH_PATHS = "$(inherited) @executable_path/Frameworks @loader_path/Frameworks";
				PRODUCT_BUNDLE_IDENTIFIER = lcy.CYPanSwipeGestureUITests;
				PRODUCT_NAME = "$(TARGET_NAME)";
				TEST_TARGET_NAME = CYPanSwipeGesture;
			};
			name = Debug;
		};
		A66231441CCE04FB0010EDBD /* Release */ = {
			isa = XCBuildConfiguration;
			buildSettings = {
				INFOPLIST_FILE = CYPanSwipeGestureUITests/Info.plist;
				LD_RUNPATH_SEARCH_PATHS = "$(inherited) @executable_path/Frameworks @loader_path/Frameworks";
				PRODUCT_BUNDLE_IDENTIFIER = lcy.CYPanSwipeGestureUITests;
				PRODUCT_NAME = "$(TARGET_NAME)";
				TEST_TARGET_NAME = CYPanSwipeGesture;
			};
			name = Release;
		};
/* End XCBuildConfiguration section */

/* Begin XCConfigurationList section */
		A662310A1CCE04FA0010EDBD /* Build configuration list for PBXProject "CYPanSwipeGesture" */ = {
			isa = XCConfigurationList;
			buildConfigurations = (
				A662313A1CCE04FB0010EDBD /* Debug */,
				A662313B1CCE04FB0010EDBD /* Release */,
			);
			defaultConfigurationIsVisible = 0;
			defaultConfigurationName = Release;
		};
		A662313C1CCE04FB0010EDBD /* Build configuration list for PBXNativeTarget "CYPanSwipeGesture" */ = {
			isa = XCConfigurationList;
			buildConfigurations = (
				A662313D1CCE04FB0010EDBD /* Debug */,
				A662313E1CCE04FB0010EDBD /* Release */,
			);
			defaultConfigurationIsVisible = 0;
		};
		A662313F1CCE04FB0010EDBD /* Build configuration list for PBXNativeTarget "CYPanSwipeGestureTests" */ = {
			isa = XCConfigurationList;
			buildConfigurations = (
				A66231401CCE04FB0010EDBD /* Debug */,
				A66231411CCE04FB0010EDBD /* Release */,
			);
			defaultConfigurationIsVisible = 0;
		};
		A66231421CCE04FB0010EDBD /* Build configuration list for PBXNativeTarget "CYPanSwipeGestureUITests" */ = {
			isa = XCConfigurationList;
			buildConfigurations = (
				A66231431CCE04FB0010EDBD /* Debug */,
				A66231441CCE04FB0010EDBD /* Release */,
			);
			defaultConfigurationIsVisible = 0;
		};
/* End XCConfigurationList section */
	};
	rootObject = A66231071CCE04FA0010EDBD /* Project object */;
}
